
Microsoft Visual Studio Solution File, Format Version 12.00
# Visual Studio Version 17
VisualStudioVersion = 17.5.002.0
MinimumVisualStudioVersion = 10.0.40219.1
Project("{9A19103F-16F7-4668-BE54-9A1E7A4F7556}") = "shopping.Client", "shopping.Client.csproj", "{9228C474-A86D-4D50-A8D7-13D584EB3554}"
EndProject
Global
	GlobalSection(SolutionConfigurationPlatforms) = preSolution
		Debug|Any CPU = Debug|Any CPU
		Release|Any CPU = Release|Any CPU
	EndGlobalSection
	GlobalSection(ProjectConfigurationPlatforms) = postSolution
		{9228C474-A86D-4D50-A8D7-13D584EB3554}.Debug|Any CPU.ActiveCfg = Debug|Any CPU
		{9228C474-A86D-4D50-A8D7-13D584EB3554}.Debug|Any CPU.Build.0 = Debug|Any CPU
		{9228C474-A86D-4D50-A8D7-13D584EB3554}.Release|Any CPU.ActiveCfg = Release|Any CPU
		{9228C474-A86D-4D50-A8D7-13D584EB3554}.Release|Any CPU.Build.0 = Release|Any CPU
	EndGlobalSection
	GlobalSection(SolutionProperties) = preSolution
		HideSolutionNode = FALSE
	EndGlobalSection
	GlobalSection(ExtensibilityGlobals) = postSolution
		SolutionGuid = {AC689B14-4D37-4365-AD15-088C0903B221}
	EndGlobalSection
EndGlobal
